
Microsoft Visual Studio Solution File, Format Version 12.00
# Visual Studio 14
VisualStudioVersion = 14.0.23107.0
MinimumVisualStudioVersion = 10.0.40219.1
Project("{FAE04EC0-301F-11D3-BF4B-00C04F79EFBC}") = "MicroFeel.AuthenticationService", "MicroFeel.AuthenticationService\MicroFeel.AuthenticationService.csproj", "{932CA230-9253-42BE-8A3B-FE1CA51991A6}"
EndProject
Project("{FAE04EC0-301F-11D3-BF4B-00C04F79EFBC}") = "WPFClient", "WPFClient\WPFClient.csproj", "{EE54B34A-8A1D-47A0-9F45-B587B7737CF4}"
	ProjectSection(ProjectDependencies) = postProject
		{932CA230-9253-42BE-8A3B-FE1CA51991A6} = {932CA230-9253-42BE-8A3B-FE1CA51991A6}
	EndProjectSection
EndProject
Project("{FAE04EC0-301F-11D3-BF4B-00C04F79EFBC}") = "MicroFeel.AspNetIdentityAuthentication", "MicroFeel.AspNetIdentityAuthentication\MicroFeel.AspNetIdentityAuthentication.csproj", "{94925186-C7A2-4809-B9D0-566D399CE365}"
EndProject
Global
	GlobalSection(SolutionConfigurationPlatforms) = preSolution
		Debug|Any CPU = Debug|Any CPU
		Release|Any CPU = Release|Any CPU
	EndGlobalSection
	GlobalSection(ProjectConfigurationPlatforms) = postSolution
		{932CA230-9253-42BE-8A3B-FE1CA51991A6}.Debug|Any CPU.ActiveCfg = Debug|Any CPU
		{932CA230-9253-42BE-8A3B-FE1CA51991A6}.Debug|Any CPU.Build.0 = Debug|Any CPU
		{932CA230-9253-42BE-8A3B-FE1CA51991A6}.Release|Any CPU.ActiveCfg = Release|Any CPU
		{932CA230-9253-42BE-8A3B-FE1CA51991A6}.Release|Any CPU.Build.0 = Release|Any CPU
		{EE54B34A-8A1D-47A0-9F45-B587B7737CF4}.Debug|Any CPU.ActiveCfg = Debug|Any CPU
		{EE54B34A-8A1D-47A0-9F45-B587B7737CF4}.Debug|Any CPU.Build.0 = Debug|Any CPU
		{EE54B34A-8A1D-47A0-9F45-B587B7737CF4}.Release|Any CPU.ActiveCfg = Release|Any CPU
		{EE54B34A-8A1D-47A0-9F45-B587B7737CF4}.Release|Any CPU.Build.0 = Release|Any CPU
		{94925186-C7A2-4809-B9D0-566D399CE365}.Debug|Any CPU.ActiveCfg = Debug|Any CPU
		{94925186-C7A2-4809-B9D0-566D399CE365}.Debug|Any CPU.Build.0 = Debug|Any CPU
		{94925186-C7A2-4809-B9D0-566D399CE365}.Release|Any CPU.ActiveCfg = Release|Any CPU
		{94925186-C7A2-4809-B9D0-566D399CE365}.Release|Any CPU.Build.0 = Release|Any CPU
	EndGlobalSection
	GlobalSection(SolutionProperties) = preSolution
		HideSolutionNode = FALSE
	EndGlobalSection
EndGlobal
